{
  "name": "csc-307-group",
  "version": "1.0.0",
  "lockfileVersion": 3,
  "requires": true,
  "packages": {
    "": {
      "name": "csc-307-group",
      "version": "1.0.0",
      "license": "ISC",
      "workspaces": [
        "PolyEats/*"
      ],
      "devDependencies": {
        "prettier": "^3.3.3"
      }
    },
    "node_modules/prettier": {
      "version": "3.3.3",
      "resolved": "https://registry.npmjs.org/prettier/-/prettier-3.3.3.tgz",
      "integrity": "sha512-i2tDNA0O5IrMO757lfrdQZCc2jPNDVntV0m/+4whiDfWaTKfMNgR7Qz0NAeGz/nRqF4m5/6CLzbP4/liHt12Ew==",
      "dev": true,
      "license": "MIT",
      "bin": {
        "prettier": "bin/prettier.cjs"
      },
      "engines": {
        "node": ">=14"
      },
      "funding": {
        "url": "https://github.com/prettier/prettier?sponsor=1"
      }
    },
    "PolyEats/express-backend": {
      "version": "1.0.0",
      "extraneous": true,
      "license": "ISC",
      "dependencies": {
        "backend": "^0.0.0",
        "cors": "^2.8.5",
        "express": "^4.21.1",
        "mongoose": "^8.7.2"
      }
    },
    "PolyEats/react-frontend": {
      "version": "0.0.0",
      "extraneous": true,
      "dependencies": {
        "react": "^18.3.1",
        "react-dom": "^18.3.1"
      },
      "devDependencies": {
        "@eslint/js": "^9.13.0",
        "@types/react": "^18.3.11",
        "@types/react-dom": "^18.3.1",
        "@vitejs/plugin-react": "^4.3.3",
        "eslint": "^9.13.0",
        "eslint-plugin-react": "^7.37.1",
        "eslint-plugin-react-hooks": "^5.0.0",
        "eslint-plugin-react-refresh": "^0.4.13",
        "globals": "^15.11.0",
        "vite": "^5.4.9"
      }
    }
  }
}
